// !$*UTF8*$!
{
	archiveVersion = 1;
	classes = {
	};
	objectVersion = 46;
	objects = {

/* Begin PBXBuildFile section */
		40124DED1B94E8AF009391D7 /* AppDelegate.swift in Sources */ = {isa = PBXBuildFile; fileRef = 40124DEC1B94E8AF009391D7 /* AppDelegate.swift */; };
		40124DEF1B94E8AF009391D7 /* ViewController.swift in Sources */ = {isa = PBXBuildFile; fileRef = 40124DEE1B94E8AF009391D7 /* ViewController.swift */; };
		40124DF21B94E8AF009391D7 /* Main.storyboard in Resources */ = {isa = PBXBuildFile; fileRef = 40124DF01B94E8AF009391D7 /* Main.storyboard */; };
		40124DF41B94E8AF009391D7 /* Images.xcassets in Resources */ = {isa = PBXBuildFile; fileRef = 40124DF31B94E8AF009391D7 /* Images.xcassets */; };
		40124DF71B94E8AF009391D7 /* LaunchScreen.xib in Resources */ = {isa = PBXBuildFile; fileRef = 40124DF51B94E8AF009391D7 /* LaunchScreen.xib */; };
		40124E031B94E8AF009391D7 /* QuizControllerTests.swift in Sources */ = {isa = PBXBuildFile; fileRef = 40124E021B94E8AF009391D7 /* QuizControllerTests.swift */; };
		40124E0D1B94F1B4009391D7 /* DataSource.swift in Sources */ = {isa = PBXBuildFile; fileRef = 40124E0C1B94F1B4009391D7 /* DataSource.swift */; };
		40124E0E1B94F1B4009391D7 /* DataSource.swift in Sources */ = {isa = PBXBuildFile; fileRef = 40124E0C1B94F1B4009391D7 /* DataSource.swift */; };
		40124E101B94F404009391D7 /* QuizModel.swift in Sources */ = {isa = PBXBuildFile; fileRef = 40124E0F1B94F404009391D7 /* QuizModel.swift */; };
		40124E111B94F404009391D7 /* QuizModel.swift in Sources */ = {isa = PBXBuildFile; fileRef = 40124E0F1B94F404009391D7 /* QuizModel.swift */; };
/* End PBXBuildFile section */

/* Begin PBXContainerItemProxy section */
		40124DFD1B94E8AF009391D7 /* PBXContainerItemProxy */ = {
			isa = PBXContainerItemProxy;
			containerPortal = 40124DDF1B94E8AF009391D7 /* Project object */;
			proxyType = 1;
			remoteGlobalIDString = 40124DE61B94E8AF009391D7;
			remoteInfo = QuizController;
		};
/* End PBXContainerItemProxy section */

/* Begin PBXFileReference section */
		40124DE71B94E8AF009391D7 /* QuizController.app */ = {isa = PBXFileReference; explicitFileType = wrapper.application; includeInIndex = 0; path = QuizController.app; sourceTree = BUILT_PRODUCTS_DIR; };
		40124DEB1B94E8AF009391D7 /* Info.plist */ = {isa = PBXFileReference; lastKnownFileType = text.plist.xml; path = Info.plist; sourceTree = "<group>"; };
		40124DEC1B94E8AF009391D7 /* AppDelegate.swift */ = {isa = PBXFileReference; lastKnownFileType = sourcecode.swift; path = AppDelegate.swift; sourceTree = "<group>"; };
		40124DEE1B94E8AF009391D7 /* ViewController.swift */ = {isa = PBXFileReference; lastKnownFileType = sourcecode.swift; path = ViewController.swift; sourceTree = "<group>"; };
		40124DF11B94E8AF009391D7 /* Base */ = {isa = PBXFileReference; lastKnownFileType = file.storyboard; name = Base; path = Base.lproj/Main.storyboard; sourceTree = "<group>"; };
		40124DF31B94E8AF009391D7 /* Images.xcassets */ = {isa = PBXFileReference; lastKnownFileType = folder.assetcatalog; path = Images.xcassets; sourceTree = "<group>"; };
		40124DF61B94E8AF009391D7 /* Base */ = {isa = PBXFileReference; lastKnownFileType = file.xib; name = Base; path = Base.lproj/LaunchScreen.xib; sourceTree = "<group>"; };
		40124DFC1B94E8AF009391D7 /* QuizControllerTests.xctest */ = {isa = PBXFileReference; explicitFileType = wrapper.cfbundle; includeInIndex = 0; path = QuizControllerTests.xctest; sourceTree = BUILT_PRODUCTS_DIR; };
		40124E011B94E8AF009391D7 /* Info.plist */ = {isa = PBXFileReference; lastKnownFileType = text.plist.xml; path = Info.plist; sourceTree = "<group>"; };
		40124E021B94E8AF009391D7 /* QuizControllerTests.swift */ = {isa = PBXFileReference; lastKnownFileType = sourcecode.swift; path = QuizControllerTests.swift; sourceTree = "<group>"; };
		40124E0C1B94F1B4009391D7 /* DataSource.swift */ = {isa = PBXFileReference; fileEncoding = 4; lastKnownFileType = sourcecode.swift; path = DataSource.swift; sourceTree = "<group>"; };
		40124E0F1B94F404009391D7 /* QuizModel.swift */ = {isa = PBXFileReference; fileEncoding = 4; lastKnownFileType = sourcecode.swift; path = QuizModel.swift; sourceTree = "<group>"; };
/* End PBXFileReference section */

/* Begin PBXFrameworksBuildPhase section */
		40124DE41B94E8AF009391D7 /* Frameworks */ = {
			isa = PBXFrameworksBuildPhase;
			buildActionMask = 2147483647;
			files = (
			);
			runOnlyForDeploymentPostprocessing = 0;
		};
		40124DF91B94E8AF009391D7 /* Frameworks */ = {
			isa = PBXFrameworksBuildPhase;
			buildActionMask = 2147483647;
			files = (
			);
			runOnlyForDeploymentPostprocessing = 0;
		};
/* End PBXFrameworksBuildPhase section */

/* Begin PBXGroup section */
		40124DDE1B94E8AF009391D7 = {
			isa = PBXGroup;
			children = (
				40124DE91B94E8AF009391D7 /* QuizController */,
				40124DFF1B94E8AF009391D7 /* QuizControllerTests */,
				40124DE81B94E8AF009391D7 /* Products */,
			);
			sourceTree = "<group>";
		};
		40124DE81B94E8AF009391D7 /* Products */ = {
			isa = PBXGroup;
			children = (
				40124DE71B94E8AF009391D7 /* QuizController.app */,
				40124DFC1B94E8AF009391D7 /* QuizControllerTests.xctest */,
			);
			name = Products;
			sourceTree = "<group>";
		};
		40124DE91B94E8AF009391D7 /* QuizController */ = {
			isa = PBXGroup;
			children = (
				40124DEC1B94E8AF009391D7 /* AppDelegate.swift */,
				40124DEE1B94E8AF009391D7 /* ViewController.swift */,
				40124E0F1B94F404009391D7 /* QuizModel.swift */,
				40124DF01B94E8AF009391D7 /* Main.storyboard */,
				40124DF31B94E8AF009391D7 /* Images.xcassets */,
				40124DF51B94E8AF009391D7 /* LaunchScreen.xib */,
				40124DEA1B94E8AF009391D7 /* Supporting Files */,
				40124E0C1B94F1B4009391D7 /* DataSource.swift */,
			);
			path = QuizController;
			sourceTree = "<group>";
		};
		40124DEA1B94E8AF009391D7 /* Supporting Files */ = {
			isa = PBXGroup;
			children = (
				40124DEB1B94E8AF009391D7 /* Info.plist */,
			);
			name = "Supporting Files";
			sourceTree = "<group>";
		};
		40124DFF1B94E8AF009391D7 /* QuizControllerTests */ = {
			isa = PBXGroup;
			children = (
				40124E021B94E8AF009391D7 /* QuizControllerTests.swift */,
				40124E001B94E8AF009391D7 /* Supporting Files */,
			);
			path = QuizControllerTests;
			sourceTree = "<group>";
		};
		40124E001B94E8AF009391D7 /* Supporting Files */ = {
			isa = PBXGroup;
			children = (
				40124E011B94E8AF009391D7 /* Info.plist */,
			);
			name = "Supporting Files";
			sourceTree = "<group>";
		};
/* End PBXGroup section */

/* Begin PBXNativeTarget section */
		40124DE61B94E8AF009391D7 /* QuizController */ = {
			isa = PBXNativeTarget;
			buildConfigurationList = 40124E061B94E8AF009391D7 /* Build configuration list for PBXNativeTarget "QuizController" */;
			buildPhases = (
				40124DE31B94E8AF009391D7 /* Sources */,
				40124DE41B94E8AF009391D7 /* Frameworks */,
				40124DE51B94E8AF009391D7 /* Resources */,
			);
			buildRules = (
			);
			dependencies = (
			);
			name = QuizController;
			productName = QuizController;
			productReference = 40124DE71B94E8AF009391D7 /* QuizController.app */;
			productType = "com.apple.product-type.application";
		};
		40124DFB1B94E8AF009391D7 /* QuizControllerTests */ = {
			isa = PBXNativeTarget;
			buildConfigurationList = 40124E091B94E8AF009391D7 /* Build configuration list for PBXNativeTarget "QuizControllerTests" */;
			buildPhases = (
				40124DF81B94E8AF009391D7 /* Sources */,
				40124DF91B94E8AF009391D7 /* Frameworks */,
				40124DFA1B94E8AF009391D7 /* Resources */,
			);
			buildRules = (
			);
			dependencies = (
				40124DFE1B94E8AF009391D7 /* PBXTargetDependency */,
			);
			name = QuizControllerTests;
			productName = QuizControllerTests;
			productReference = 40124DFC1B94E8AF009391D7 /* QuizControllerTests.xctest */;
			productType = "com.apple.product-type.bundle.unit-test";
		};
/* End PBXNativeTarget section */

/* Begin PBXProject section */
		40124DDF1B94E8AF009391D7 /* Project object */ = {
			isa = PBXProject;
			attributes = {
				LastUpgradeCheck = 0640;
				ORGANIZATIONNAME = "Janusz Chudzynski";
				TargetAttributes = {
					40124DE61B94E8AF009391D7 = {
						CreatedOnToolsVersion = 6.4;
					};
					40124DFB1B94E8AF009391D7 = {
						CreatedOnToolsVersion = 6.4;
						TestTargetID = 40124DE61B94E8AF009391D7;
					};
				};
			};
			buildConfigurationList = 40124DE21B94E8AF009391D7 /* Build configuration list for PBXProject "QuizController" */;
			compatibilityVersion = "Xcode 3.2";
			developmentRegion = English;
			hasScannedForEncodings = 0;
			knownRegions = (
				en,
				Base,
			);
			mainGroup = 40124DDE1B94E8AF009391D7;
			productRefGroup = 40124DE81B94E8AF009391D7 /* Products */;
			projectDirPath = "";
			projectRoot = "";
			targets = (
				40124DE61B94E8AF009391D7 /* QuizController */,
				40124DFB1B94E8AF009391D7 /* QuizControllerTests */,
			);
		};
/* End PBXProject section */

/* Begin PBXResourcesBuildPhase section */
		40124DE51B94E8AF009391D7 /* Resources */ = {
			isa = PBXResourcesBuildPhase;
			buildActionMask = 2147483647;
			files = (
				40124DF21B94E8AF009391D7 /* Main.storyboard in Resources */,
				40124DF71B94E8AF009391D7 /* LaunchScreen.xib in Resources */,
				40124DF41B94E8AF009391D7 /* Images.xcassets in Resources */,
			);
			runOnlyForDeploymentPostprocessing = 0;
		};
		40124DFA1B94E8AF009391D7 /* Resources */ = {
			isa = PBXResourcesBuildPhase;
			buildActionMask = 2147483647;
			files = (
			);
			runOnlyForDeploymentPostprocessing = 0;
		};
/* End PBXResourcesBuildPhase section */

/* Begin PBXSourcesBuildPhase section */
		40124DE31B94E8AF009391D7 /* Sources */ = {
			isa = PBXSourcesBuildPhase;
			buildActionMask = 2147483647;
			files = (
				40124E101B94F404009391D7 /* QuizModel.swift in Sources */,
				40124E0D1B94F1B4009391D7 /* DataSource.swift in Sources */,
				40124DEF1B94E8AF009391D7 /* ViewController.swift in Sources */,
				40124DED1B94E8AF009391D7 /* AppDelegate.swift in Sources */,
			);
			runOnlyForDeploymentPostprocessing = 0;
		};
		40124DF81B94E8AF009391D7 /* Sources */ = {
			isa = PBXSourcesBuildPhase;
			buildActionMask = 2147483647;
			files = (
				40124E0E1B94F1B4009391D7 /* DataSource.swift in Sources */,
				40124E111B94F404009391D7 /* QuizModel.swift in Sources */,
				40124E031B94E8AF009391D7 /* QuizControllerTests.swift in Sources */,
			);
			runOnlyForDeploymentPostprocessing = 0;
		};
/* End PBXSourcesBuildPhase section */

/* Begin PBXTargetDependency section */
		40124DFE1B94E8AF009391D7 /* PBXTargetDependency */ = {
			isa = PBXTargetDependency;
			target = 40124DE61B94E8AF009391D7 /* QuizController */;
			targetProxy = 40124DFD1B94E8AF009391D7 /* PBXContainerItemProxy */;
		};
/* End PBXTargetDependency section */

/* Begin PBXVariantGroup section */
		40124DF01B94E8AF009391D7 /* Main.storyboard */ = {
			isa = PBXVariantGroup;
			children = (
				40124DF11B94E8AF009391D7 /* Base */,
			);
			name = Main.storyboard;
			sourceTree = "<group>";
		};
		40124DF51B94E8AF009391D7 /* LaunchScreen.xib */ = {
			isa = PBXVariantGroup;
			children = (
				40124DF61B94E8AF009391D7 /* Base */,
			);
			name = LaunchScreen.xib;
			sourceTree = "<group>";
		};
/* End PBXVariantGroup section */

/* Begin XCBuildConfiguration section */
		40124E041B94E8AF009391D7 /* Debug */ = {
			isa = XCBuildConfiguration;
			buildSettings = {
				ALWAYS_SEARCH_USER_PATHS = NO;
				CLANG_CXX_LANGUAGE_STANDARD = "gnu++0x";
				CLANG_CXX_LIBRARY = "libc++";
				CLANG_ENABLE_MODULES = YES;
				CLANG_ENABLE_OBJC_ARC = YES;
				CLANG_WARN_BOOL_CONVERSION = YES;
				CLANG_WARN_CONSTANT_CONVERSION = YES;
				CLANG_WARN_DIRECT_OBJC_ISA_USAGE = YES_ERROR;
				CLANG_WARN_EMPTY_BODY = YES;
				CLANG_WARN_ENUM_CONVERSION = YES;
				CLANG_WARN_INT_CONVERSION = YES;
				CLANG_WARN_OBJC_ROOT_CLASS = YES_ERROR;
				CLANG_WARN_UNREACHABLE_CODE = YES;
				CLANG_WARN__DUPLICATE_METHOD_MATCH = YES;
				"CODE_SIGN_IDENTITY[sdk=iphoneos*]" = "iPhone Developer";
				COPY_PHASE_STRIP = NO;
				DEBUG_INFORMATION_FORMAT = "dwarf-with-dsym";
				ENABLE_STRICT_OBJC_MSGSEND = YES;
				GCC_C_LANGUAGE_STANDARD = gnu99;
				GCC_DYNAMIC_NO_PIC = NO;
				GCC_NO_COMMON_BLOCKS = YES;
				GCC_OPTIMIZATION_LEVEL = 0;
				GCC_PREPROCESSOR_DEFINITIONS = (
					"DEBUG=1",
					"$(inherited)",
				);
				GCC_SYMBOLS_PRIVATE_EXTERN = NO;
				GCC_WARN_64_TO_32_BIT_CONVERSION = YES;
				GCC_WARN_ABOUT_RETURN_TYPE = YES_ERROR;
				GCC_WARN_UNDECLARED_SELECTOR = YES;
				GCC_WARN_UNINITIALIZED_AUTOS = YES_AGGRESSIVE;
				GCC_WARN_UNUSED_FUNCTION = YES;
				GCC_WARN_UNUSED_VARIABLE = YES;
				IPHONEOS_DEPLOYMENT_TARGET = 8.4;
				MTL_ENABLE_DEBUG_INFO = YES;
				ONLY_ACTIVE_ARCH = YES;
				SDKROOT = iphoneos;
				SWIFT_OPTIMIZATION_LEVEL = "-Onone";
			};
			name = Debug;
		};
		40124E051B94E8AF009391D7 /* Release */ = {
			isa = XCBuildConfiguration;
			buildSettings = {
				ALWAYS_SEARCH_USER_PATHS = NO;
				CLANG_CXX_LANGUAGE_STANDARD = "gnu++0x";
				CLANG_CXX_LIBRARY = "libc++";
				CLANG_ENABLE_MODULES = YES;
				CLANG_ENABLE_OBJC_ARC = YES;
				CLANG_WARN_BOOL_CONVERSION = YES;
				CLANG_WARN_CONSTANT_CONVERSION = YES;
				CLANG_WARN_DIRECT_OBJC_ISA_USAGE = YES_ERROR;
				CLANG_WARN_EMPTY_BODY = YES;
				CLANG_WARN_ENUM_CONVERSION = YES;
				CLANG_WARN_INT_CONVERSION = YES;
				CLANG_WARN_OBJC_ROOT_CLASS = YES_ERROR;
				CLANG_WARN_UNREACHABLE_CODE = YES;
				CLANG_WARN__DUPLICATE_METHOD_MATCH = YES;
				"CODE_SIGN_IDENTITY[sdk=iphoneos*]" = "iPhone Developer";
				COPY_PHASE_STRIP = NO;
				DEBUG_INFORMATION_FORMAT = "dwarf-with-dsym";
				ENABLE_NS_ASSERTIONS = NO;
				ENABLE_STRICT_OBJC_MSGSEND = YES;
				GCC_C_LANGUAGE_STANDARD = gnu99;
				GCC_NO_COMMON_BLOCKS = YES;
				GCC_WARN_64_TO_32_BIT_CONVERSION = YES;
				GCC_WARN_ABOUT_RETURN_TYPE = YES_ERROR;
				GCC_WARN_UNDECLARED_SELECTOR = YES;
				GCC_WARN_UNINITIALIZED_AUTOS = YES_AGGRESSIVE;
				GCC_WARN_UNUSED_FUNCTION = YES;
				GCC_WARN_UNUSED_VARIABLE = YES;
				IPHONEOS_DEPLOYMENT_TARGET = 8.4;
				MTL_ENABLE_DEBUG_INFO = NO;
				SDKROOT = iphoneos;
				VALIDATE_PRODUCT = YES;
			};
			name = Release;
		};
		40124E071B94E8AF009391D7 /* Debug */ = {
			isa = XCBuildConfiguration;
			buildSettings = {
				ASSETCATALOG_COMPILER_APPICON_NAME = AppIcon;
				INFOPLIST_FILE = QuizController/Info.plist;
				LD_RUNPATH_SEARCH_PATHS = "$(inherited) @executable_path/Frameworks";
				PRODUCT_NAME = "$(TARGET_NAME)";
			};
			name = Debug;
		};
		40124E081B94E8AF009391D7 /* Release */ = {
			isa = XCBuildConfiguration;
			buildSettings = {
				ASSETCATALOG_COMPILER_APPICON_NAME = AppIcon;
				INFOPLIST_FILE = QuizController/Info.plist;
				LD_RUNPATH_SEARCH_PATHS = "$(inherited) @executable_path/Frameworks";
				PRODUCT_NAME = "$(TARGET_NAME)";
			};
			name = Release;
		};
		40124E0A1B94E8AF009391D7 /* Debug */ = {
			isa = XCBuildConfiguration;
			buildSettings = {
				BUNDLE_LOADER = "$(TEST_HOST)";
				FRAMEWORK_SEARCH_PATHS = (
					"$(SDKROOT)/Developer/Library/Frameworks",
					"$(inherited)",
				);
				GCC_PREPROCESSOR_DEFINITIONS = (
					"DEBUG=1",
					"$(inherited)",
				);
				INFOPLIST_FILE = QuizControllerTests/Info.plist;
				LD_RUNPATH_SEARCH_PATHS = "$(inherited) @executable_path/Frameworks @loader_path/Frameworks";
				PRODUCT_NAME = "$(TARGET_NAME)";
				TEST_HOST = "$(BUILT_PRODUCTS_DIR)/QuizController.app/QuizController";
			};
			name = Debug;
		};
		40124E0B1B94E8AF009391D7 /* Release */ = {
			isa = XCBuildConfiguration;
			buildSettings = {
				BUNDLE_LOADER = "$(TEST_HOST)";
				FRAMEWORK_SEARCH_PATHS = (
					"$(SDKROOT)/Developer/Library/Frameworks",
					"$(inherited)",
				);
				INFOPLIST_FILE = QuizControllerTests/Info.plist;
				LD_RUNPATH_SEARCH_PATHS = "$(inherited) @executable_path/Frameworks @loader_path/Frameworks";
				PRODUCT_NAME = "$(TARGET_NAME)";
				TEST_HOST = "$(BUILT_PRODUCTS_DIR)/QuizController.app/QuizController";
			};
			name = Release;
		};
/* End XCBuildConfiguration section */

/* Begin XCConfigurationList section */
		40124DE21B94E8AF009391D7 /* Build configuration list for PBXProject "QuizController" */ = {
			isa = XCConfigurationList;
			buildConfigurations = (
				40124E041B94E8AF009391D7 /* Debug */,
				40124E051B94E8AF009391D7 /* Release */,
			);
			defaultConfigurationIsVisible = 0;
			defaultConfigurationName = Release;
		};
		40124E061B94E8AF009391D7 /* Build configuration list for PBXNativeTarget "QuizController" */ = {
			isa = XCConfigurationList;
			buildConfigurations = (
				40124E071B94E8AF009391D7 /* Debug */,
				40124E081B94E8AF009391D7 /* Release */,
			);
			defaultConfigurationIsVisible = 0;
		};
		40124E091B94E8AF009391D7 /* Build configuration list for PBXNativeTarget "QuizControllerTests" */ = {
			isa = XCConfigurationList;
			buildConfigurations = (
				40124E0A1B94E8AF009391D7 /* Debug */,
				40124E0B1B94E8AF009391D7 /* Release */,
			);
			defaultConfigurationIsVisible = 0;
		};
/* End XCConfigurationList section */
	};
	rootObject = 40124DDF1B94E8AF009391D7 /* Project object */;
}
